
Microsoft Visual Studio Solution File, Format Version 12.00
# Visual Studio Version 17
VisualStudioVersion = 17.5.002.0
MinimumVisualStudioVersion = 10.0.40219.1
Project("{9A19103F-16F7-4668-BE54-9A1E7A4F7556}") = "KanjiLearn.Server", "KanjiLearn.Server.csproj", "{76B3632E-C326-481C-B035-EE834CE9DF7A}"
EndProject
Global
	GlobalSection(SolutionConfigurationPlatforms) = preSolution
		Debug|Any CPU = Debug|Any CPU
		Release|Any CPU = Release|Any CPU
	EndGlobalSection
	GlobalSection(ProjectConfigurationPlatforms) = postSolution
		{76B3632E-C326-481C-B035-EE834CE9DF7A}.Debug|Any CPU.ActiveCfg = Debug|Any CPU
		{76B3632E-C326-481C-B035-EE834CE9DF7A}.Debug|Any CPU.Build.0 = Debug|Any CPU
		{76B3632E-C326-481C-B035-EE834CE9DF7A}.Release|Any CPU.ActiveCfg = Release|Any CPU
		{76B3632E-C326-481C-B035-EE834CE9DF7A}.Release|Any CPU.Build.0 = Release|Any CPU
	EndGlobalSection
	GlobalSection(SolutionProperties) = preSolution
		HideSolutionNode = FALSE
	EndGlobalSection
	GlobalSection(ExtensibilityGlobals) = postSolution
		SolutionGuid = {0492E045-EBCD-491F-B26F-F6FCFA5BE44C}
	EndGlobalSection
EndGlobal
